{
  "pins" : [
    {
      "identity" : "auv3support",
      "kind" : "remoteSourceControl",
      "location" : "https://github.com/bradhowes/AUv3Support",
      "state" : {
        "revision" : "67e568ad347fc6a9bfa76b3c84bd5a7f7bea3920",
        "version" : "14.0.0"
      }
    },
    {
      "identity" : "knob",
      "kind" : "remoteSourceControl",
      "location" : "https://github.com/bradhowes/knob",
      "state" : {
        "revision" : "96ef8c40bb826c961e28f658ae9b782a34287cd5",
        "version" : "3.0.3"
      }
    }
  ],
  "version" : 2
}
