{
  "pins" : [
    {
      "identity" : "auv3support",
      "kind" : "remoteSourceControl",
      "location" : "https://github.com/bradhowes/AUv3Support",
      "state" : {
        "revision" : "c717cc2df4f1bbbf20ae4aa17bdc8e82c478af1e",
        "version" : "14.0.4"
      }
    },
    {
      "identity" : "knob",
      "kind" : "remoteSourceControl",
      "location" : "https://github.com/bradhowes/knob",
      "state" : {
        "revision" : "16e2265e836fede2bf1a3b8df5a3b32dc26fe4fe",
        "version" : "3.0.4"
      }
    }
  ],
  "version" : 2
}
