{
  "pins" : [
    {
      "identity" : "auv3support",
      "kind" : "remoteSourceControl",
      "location" : "https://github.com/bradhowes/AUv3Support",
      "state" : {
        "revision" : "111077c0c04bb7c0edbfc84bc606e55d95566890",
        "version" : "15.0.1"
      }
    },
    {
      "identity" : "knob",
      "kind" : "remoteSourceControl",
      "location" : "https://github.com/bradhowes/knob",
      "state" : {
        "revision" : "16e2265e836fede2bf1a3b8df5a3b32dc26fe4fe",
        "version" : "3.0.4"
      }
    }
  ],
  "version" : 2
}
